
Microsoft Visual Studio Solution File, Format Version 12.00
# Visual Studio Version 17
VisualStudioVersion = 17.14.36429.23 d17.14
MinimumVisualStudioVersion = 10.0.40219.1
Project("{2150E333-8FDC-42A3-9474-1A3956D46DE8}") = "Task0", "Task0", "{02EA681E-C7D8-13C7-8484-4AC65E1B71E8}"
EndProject
Project("{FAE04EC0-301F-11D3-BF4B-00C04F79EFBC}") = "Tyuiu.MarakovAD.Sprint4.Task0.V29", "Tyuiu.MarakovAD.Sprint4.Task0.V29\Tyuiu.MarakovAD.Sprint4.Task0.V29.csproj", "{6CC127FA-87EF-4085-AD46-C9614793C8E2}"
EndProject
Project("{FAE04EC0-301F-11D3-BF4B-00C04F79EFBC}") = "Tyuiu.MarakovAD.Sprint4.Task0.V29.Lib", "Tyuiu.MarakovAD.Sprint4.Task0.V29.Lib\Tyuiu.MarakovAD.Sprint4.Task0.V29.Lib.csproj", "{DB627359-ED09-4D28-B7CC-2AAED0646D21}"
EndProject
Project("{FAE04EC0-301F-11D3-BF4B-00C04F79EFBC}") = "Tyuiu.MarakovAD.Sprint4.Task0.V29.Test", "Tyuiu.MarakovAD.Sprint4.Task0.V29.Test\Tyuiu.MarakovAD.Sprint4.Task0.V29.Test.csproj", "{36E4459D-71AF-418D-951E-5FAF58D57EB4}"
EndProject
Project("{2150E333-8FDC-42A3-9474-1A3956D46DE8}") = "Task1", "Task1", "{E356EECC-9A94-45BB-926C-D622F4AAC307}"
EndProject
Project("{FAE04EC0-301F-11D3-BF4B-00C04F79EFBC}") = "Tyuiu.MarakovAD.Sprint4.Task1.V7", "Tyuiu.MarakovAD.Sprint4.Task1.V7\Tyuiu.MarakovAD.Sprint4.Task1.V7.csproj", "{758D3022-3CF4-4706-B24A-503A75A5E32D}"
EndProject
Project("{FAE04EC0-301F-11D3-BF4B-00C04F79EFBC}") = "Tyuiu.MarakovAD.Sprint4.Task1.V7.Lib", "Tyuiu.MarakovAD.Sprint4.Task1.V7.Lib\Tyuiu.MarakovAD.Sprint4.Task1.V7.Lib.csproj", "{DBA6534E-E155-4FF2-BD14-5D6A2AAEC022}"
EndProject
Project("{FAE04EC0-301F-11D3-BF4B-00C04F79EFBC}") = "Tyuiu.MarakovAD.Sprint4.Task1.V7.Test", "Tyuiu.MarakovAD.Sprint4.Task1.V7.Test\Tyuiu.MarakovAD.Sprint4.Task1.V7.Test.csproj", "{F017BD54-6745-4E2A-B470-CF6F268B17A3}"
EndProject
Global
	GlobalSection(SolutionConfigurationPlatforms) = preSolution
		Debug|Any CPU = Debug|Any CPU
		Release|Any CPU = Release|Any CPU
	EndGlobalSection
	GlobalSection(ProjectConfigurationPlatforms) = postSolution
		{6CC127FA-87EF-4085-AD46-C9614793C8E2}.Debug|Any CPU.ActiveCfg = Debug|Any CPU
		{6CC127FA-87EF-4085-AD46-C9614793C8E2}.Debug|Any CPU.Build.0 = Debug|Any CPU
		{6CC127FA-87EF-4085-AD46-C9614793C8E2}.Release|Any CPU.ActiveCfg = Release|Any CPU
		{6CC127FA-87EF-4085-AD46-C9614793C8E2}.Release|Any CPU.Build.0 = Release|Any CPU
		{DB627359-ED09-4D28-B7CC-2AAED0646D21}.Debug|Any CPU.ActiveCfg = Debug|Any CPU
		{DB627359-ED09-4D28-B7CC-2AAED0646D21}.Debug|Any CPU.Build.0 = Debug|Any CPU
		{DB627359-ED09-4D28-B7CC-2AAED0646D21}.Release|Any CPU.ActiveCfg = Release|Any CPU
		{DB627359-ED09-4D28-B7CC-2AAED0646D21}.Release|Any CPU.Build.0 = Release|Any CPU
		{36E4459D-71AF-418D-951E-5FAF58D57EB4}.Debug|Any CPU.ActiveCfg = Debug|Any CPU
		{36E4459D-71AF-418D-951E-5FAF58D57EB4}.Debug|Any CPU.Build.0 = Debug|Any CPU
		{36E4459D-71AF-418D-951E-5FAF58D57EB4}.Release|Any CPU.ActiveCfg = Release|Any CPU
		{36E4459D-71AF-418D-951E-5FAF58D57EB4}.Release|Any CPU.Build.0 = Release|Any CPU
		{758D3022-3CF4-4706-B24A-503A75A5E32D}.Debug|Any CPU.ActiveCfg = Debug|Any CPU
		{758D3022-3CF4-4706-B24A-503A75A5E32D}.Debug|Any CPU.Build.0 = Debug|Any CPU
		{758D3022-3CF4-4706-B24A-503A75A5E32D}.Release|Any CPU.ActiveCfg = Release|Any CPU
		{758D3022-3CF4-4706-B24A-503A75A5E32D}.Release|Any CPU.Build.0 = Release|Any CPU
		{DBA6534E-E155-4FF2-BD14-5D6A2AAEC022}.Debug|Any CPU.ActiveCfg = Debug|Any CPU
		{DBA6534E-E155-4FF2-BD14-5D6A2AAEC022}.Debug|Any CPU.Build.0 = Debug|Any CPU
		{DBA6534E-E155-4FF2-BD14-5D6A2AAEC022}.Release|Any CPU.ActiveCfg = Release|Any CPU
		{DBA6534E-E155-4FF2-BD14-5D6A2AAEC022}.Release|Any CPU.Build.0 = Release|Any CPU
		{F017BD54-6745-4E2A-B470-CF6F268B17A3}.Debug|Any CPU.ActiveCfg = Debug|Any CPU
		{F017BD54-6745-4E2A-B470-CF6F268B17A3}.Debug|Any CPU.Build.0 = Debug|Any CPU
		{F017BD54-6745-4E2A-B470-CF6F268B17A3}.Release|Any CPU.ActiveCfg = Release|Any CPU
		{F017BD54-6745-4E2A-B470-CF6F268B17A3}.Release|Any CPU.Build.0 = Release|Any CPU
	EndGlobalSection
	GlobalSection(SolutionProperties) = preSolution
		HideSolutionNode = FALSE
	EndGlobalSection
	GlobalSection(NestedProjects) = preSolution
		{6CC127FA-87EF-4085-AD46-C9614793C8E2} = {02EA681E-C7D8-13C7-8484-4AC65E1B71E8}
		{DB627359-ED09-4D28-B7CC-2AAED0646D21} = {02EA681E-C7D8-13C7-8484-4AC65E1B71E8}
		{36E4459D-71AF-418D-951E-5FAF58D57EB4} = {02EA681E-C7D8-13C7-8484-4AC65E1B71E8}
		{758D3022-3CF4-4706-B24A-503A75A5E32D} = {E356EECC-9A94-45BB-926C-D622F4AAC307}
		{DBA6534E-E155-4FF2-BD14-5D6A2AAEC022} = {E356EECC-9A94-45BB-926C-D622F4AAC307}
		{F017BD54-6745-4E2A-B470-CF6F268B17A3} = {E356EECC-9A94-45BB-926C-D622F4AAC307}
	EndGlobalSection
	GlobalSection(ExtensibilityGlobals) = postSolution
		SolutionGuid = {2EBCD98A-1C88-4493-A010-C0FE4E8FD316}
	EndGlobalSection
EndGlobal
