
Microsoft Visual Studio Solution File, Format Version 12.00
# Visual Studio Version 17
VisualStudioVersion = 17.14.36429.23 d17.14
MinimumVisualStudioVersion = 10.0.40219.1
Project("{2150E333-8FDC-42A3-9474-1A3956D46DE8}") = "Task0", "Task0", "{02EA681E-C7D8-13C7-8484-4AC65E1B71E8}"
EndProject
Project("{FAE04EC0-301F-11D3-BF4B-00C04F79EFBC}") = "Tyuiu.MarakovAD.Sprint4.Task0.V29", "Tyuiu.MarakovAD.Sprint4.Task0.V29\Tyuiu.MarakovAD.Sprint4.Task0.V29.csproj", "{6CC127FA-87EF-4085-AD46-C9614793C8E2}"
EndProject
Project("{FAE04EC0-301F-11D3-BF4B-00C04F79EFBC}") = "Tyuiu.MarakovAD.Sprint4.Task0.V29.Lib", "Tyuiu.MarakovAD.Sprint4.Task0.V29.Lib\Tyuiu.MarakovAD.Sprint4.Task0.V29.Lib.csproj", "{DB627359-ED09-4D28-B7CC-2AAED0646D21}"
EndProject
Project("{FAE04EC0-301F-11D3-BF4B-00C04F79EFBC}") = "Tyuiu.MarakovAD.Sprint4.Task0.V29.Test", "Tyuiu.MarakovAD.Sprint4.Task0.V29.Test\Tyuiu.MarakovAD.Sprint4.Task0.V29.Test.csproj", "{36E4459D-71AF-418D-951E-5FAF58D57EB4}"
EndProject
Project("{2150E333-8FDC-42A3-9474-1A3956D46DE8}") = "Task1", "Task1", "{E356EECC-9A94-45BB-926C-D622F4AAC307}"
EndProject
Project("{FAE04EC0-301F-11D3-BF4B-00C04F79EFBC}") = "Tyuiu.MarakovAD.Sprint4.Task1.V7", "Tyuiu.MarakovAD.Sprint4.Task1.V7\Tyuiu.MarakovAD.Sprint4.Task1.V7.csproj", "{758D3022-3CF4-4706-B24A-503A75A5E32D}"
EndProject
Project("{FAE04EC0-301F-11D3-BF4B-00C04F79EFBC}") = "Tyuiu.MarakovAD.Sprint4.Task1.V7.Lib", "Tyuiu.MarakovAD.Sprint4.Task1.V7.Lib\Tyuiu.MarakovAD.Sprint4.Task1.V7.Lib.csproj", "{DBA6534E-E155-4FF2-BD14-5D6A2AAEC022}"
EndProject
Project("{FAE04EC0-301F-11D3-BF4B-00C04F79EFBC}") = "Tyuiu.MarakovAD.Sprint4.Task1.V7.Test", "Tyuiu.MarakovAD.Sprint4.Task1.V7.Test\Tyuiu.MarakovAD.Sprint4.Task1.V7.Test.csproj", "{F017BD54-6745-4E2A-B470-CF6F268B17A3}"
EndProject
Project("{2150E333-8FDC-42A3-9474-1A3956D46DE8}") = "Task2", "Task2", "{3F06E8DE-1E7F-4B8B-864E-3249EB4454B0}"
EndProject
Project("{FAE04EC0-301F-11D3-BF4B-00C04F79EFBC}") = "Tyuiu.MarakovAD.Sprint4.Task2.V11", "Tyuiu.MarakovAD.Sprint4.Task2.V11\Tyuiu.MarakovAD.Sprint4.Task2.V11.csproj", "{7606FEFE-A077-42BA-B4EF-7FC746ACA7F4}"
EndProject
Project("{FAE04EC0-301F-11D3-BF4B-00C04F79EFBC}") = "Tyuiu.MarakovAD.Sprint4.Task2.V11.Lib", "Tyuiu.MarakovAD.Sprint4.Task2.V11.Lib\Tyuiu.MarakovAD.Sprint4.Task2.V11.Lib.csproj", "{373DF231-8BD3-47EC-8AAF-96636601D884}"
EndProject
Project("{FAE04EC0-301F-11D3-BF4B-00C04F79EFBC}") = "Tyuiu.MarakovAD.Sprint4.Task2.V11.Test", "Tyuiu.MarakovAD.Sprint4.Task2.V11.Test\Tyuiu.MarakovAD.Sprint4.Task2.V11.Test.csproj", "{380CB6A9-5E1B-4407-B9A8-A097F905B07C}"
EndProject
Project("{2150E333-8FDC-42A3-9474-1A3956D46DE8}") = "Task3", "Task3", "{38D810A8-90FF-4116-B2C5-FF259BD3F614}"
EndProject
Project("{FAE04EC0-301F-11D3-BF4B-00C04F79EFBC}") = "Tyuiu.MarakovAD.Sprint4.Task3.V2", "Tyuiu.MarakovAD.Sprint4.Task3.V2\Tyuiu.MarakovAD.Sprint4.Task3.V2.csproj", "{82CD0C74-8AA8-4A03-8091-BD8EDA6C6B21}"
EndProject
Project("{FAE04EC0-301F-11D3-BF4B-00C04F79EFBC}") = "Tyuiu.MarakovAD.Sprint4.Task3.V2.Lib", "Tyuiu.MarakovAD.Sprint4.Task3.V2.Lib\Tyuiu.MarakovAD.Sprint4.Task3.V2.Lib.csproj", "{7F793A15-8AD9-4D65-AB69-0780BD38B35A}"
EndProject
Project("{FAE04EC0-301F-11D3-BF4B-00C04F79EFBC}") = "Tyuiu.MarakovAD.Sprint4.Task3.V2.Test", "Tyuiu.MarakovAD.Sprint4.Task3.V2.Test\Tyuiu.MarakovAD.Sprint4.Task3.V2.Test.csproj", "{6049F1E3-F3CF-48F7-BFE6-5B8D3A88AA46}"
EndProject
Project("{2150E333-8FDC-42A3-9474-1A3956D46DE8}") = "Task4", "Task4", "{CBB951B4-5A4A-419C-B7D6-96A0F2416477}"
EndProject
Project("{FAE04EC0-301F-11D3-BF4B-00C04F79EFBC}") = "Tyuiu.MarakovAD.Sprint4.Task4.V3", "Tyuiu.MarakovAD.Sprint4.Task4.V3\Tyuiu.MarakovAD.Sprint4.Task4.V3.csproj", "{19CE65BC-0F20-481A-8EEE-A45425E22448}"
EndProject
Project("{FAE04EC0-301F-11D3-BF4B-00C04F79EFBC}") = "Tyuiu.MarakovAD.Sprint4.Task4.V3.Lib", "Tyuiu.MarakovAD.Sprint4.Task4.V3.Lib\Tyuiu.MarakovAD.Sprint4.Task4.V3.Lib.csproj", "{0ECC5CF0-D943-491D-BCF9-834EC9C13B0A}"
EndProject
Project("{FAE04EC0-301F-11D3-BF4B-00C04F79EFBC}") = "Tyuiu.MarakovAD.Sprint4.Task4.V3.Test", "Tyuiu.MarakovAD.Sprint4.Task4.V3.Test\Tyuiu.MarakovAD.Sprint4.Task4.V3.Test.csproj", "{13AF0241-F033-4026-BCC8-E168637EFC31}"
EndProject
Project("{2150E333-8FDC-42A3-9474-1A3956D46DE8}") = "Task5", "Task5", "{2A445531-1B5D-41C4-95F0-E1607149AB31}"
EndProject
Project("{FAE04EC0-301F-11D3-BF4B-00C04F79EFBC}") = "Tyuiu.MarakovAD.Sprint4.Task5.V27", "Tyuiu.MarakovAD.Sprint4.Task5.V27\Tyuiu.MarakovAD.Sprint4.Task5.V27.csproj", "{98A610D8-DBEA-466A-80CC-D8029E81ABA7}"
EndProject
Project("{FAE04EC0-301F-11D3-BF4B-00C04F79EFBC}") = "Tyuiu.MarakovAD.Sprint4.Task5.V27.Lib", "Tyuiu.MarakovAD.Sprint4.Task5.V27.Lib\Tyuiu.MarakovAD.Sprint4.Task5.V27.Lib.csproj", "{3A477C98-5E6B-43BF-B39C-5E202289AEE9}"
EndProject
Project("{FAE04EC0-301F-11D3-BF4B-00C04F79EFBC}") = "Tyuiu.MarakovAD.Sprint4.Task5.V27.Test", "Tyuiu.MarakovAD.Sprint4.Task5.V27.Test\Tyuiu.MarakovAD.Sprint4.Task5.V27.Test.csproj", "{78EFCD2D-8759-4409-B071-036D2755A9CC}"
EndProject
Project("{2150E333-8FDC-42A3-9474-1A3956D46DE8}") = "Task6", "Task6", "{6EBAA34B-1070-4F2F-A834-CA023F31997E}"
EndProject
Project("{FAE04EC0-301F-11D3-BF4B-00C04F79EFBC}") = "Tyuiu.MarakovAD.Sprint4.Task6.V15", "Tyuiu.MarakovAD.Sprint4.Task6.V15\Tyuiu.MarakovAD.Sprint4.Task6.V15.csproj", "{CDBC5B78-B8B3-400B-89C7-68660037C8AD}"
EndProject
Project("{FAE04EC0-301F-11D3-BF4B-00C04F79EFBC}") = "Tyuiu.MarakovAD.Sprint4.Task6.V15.Lib", "Tyuiu.MarakovAD.Sprint4.Task6.V15.Lib\Tyuiu.MarakovAD.Sprint4.Task6.V15.Lib.csproj", "{8F1DFA31-C826-4C97-8BB6-DA245949FE48}"
EndProject
Project("{FAE04EC0-301F-11D3-BF4B-00C04F79EFBC}") = "Tyuiu.MarakovAD.Sprint4.Task6.V15.Test", "Tyuiu.MarakovAD.Sprint4.Task6.V15.Test\Tyuiu.MarakovAD.Sprint4.Task6.V15.Test.csproj", "{DB69FF41-2EEB-414F-8625-04B95BAA3DF0}"
EndProject
Project("{2150E333-8FDC-42A3-9474-1A3956D46DE8}") = "Task7", "Task7", "{67E6AB9F-20A5-4922-8908-0600E2328D64}"
EndProject
Project("{FAE04EC0-301F-11D3-BF4B-00C04F79EFBC}") = "Tyuiu.MarakovAD.Sprint4.Task7.V15", "Tyuiu.MarakovAD.Sprint4.Task7.V15\Tyuiu.MarakovAD.Sprint4.Task7.V15.csproj", "{5DE391A5-0D16-48E9-9843-707B42C819DB}"
EndProject
Project("{FAE04EC0-301F-11D3-BF4B-00C04F79EFBC}") = "Tyuiu.MarakovAD.Sprint4.Task7.V15.Lib", "Tyuiu.MarakovAD.Sprint4.Task7.V15.Lib\Tyuiu.MarakovAD.Sprint4.Task7.V15.Lib.csproj", "{5B72E9F3-CF41-4954-AF86-F2547ACE2A07}"
EndProject
Project("{FAE04EC0-301F-11D3-BF4B-00C04F79EFBC}") = "Tyuiu.MarakovAD.Sprint4.Task7.V15.Test", "Tyuiu.MarakovAD.Sprint4.Task7.V15.Test\Tyuiu.MarakovAD.Sprint4.Task7.V15.Test.csproj", "{64B8026C-0DCD-4590-9A08-952CCC112D17}"
EndProject
Global
	GlobalSection(SolutionConfigurationPlatforms) = preSolution
		Debug|Any CPU = Debug|Any CPU
		Release|Any CPU = Release|Any CPU
	EndGlobalSection
	GlobalSection(ProjectConfigurationPlatforms) = postSolution
		{6CC127FA-87EF-4085-AD46-C9614793C8E2}.Debug|Any CPU.ActiveCfg = Debug|Any CPU
		{6CC127FA-87EF-4085-AD46-C9614793C8E2}.Debug|Any CPU.Build.0 = Debug|Any CPU
		{6CC127FA-87EF-4085-AD46-C9614793C8E2}.Release|Any CPU.ActiveCfg = Release|Any CPU
		{6CC127FA-87EF-4085-AD46-C9614793C8E2}.Release|Any CPU.Build.0 = Release|Any CPU
		{DB627359-ED09-4D28-B7CC-2AAED0646D21}.Debug|Any CPU.ActiveCfg = Debug|Any CPU
		{DB627359-ED09-4D28-B7CC-2AAED0646D21}.Debug|Any CPU.Build.0 = Debug|Any CPU
		{DB627359-ED09-4D28-B7CC-2AAED0646D21}.Release|Any CPU.ActiveCfg = Release|Any CPU
		{DB627359-ED09-4D28-B7CC-2AAED0646D21}.Release|Any CPU.Build.0 = Release|Any CPU
		{36E4459D-71AF-418D-951E-5FAF58D57EB4}.Debug|Any CPU.ActiveCfg = Debug|Any CPU
		{36E4459D-71AF-418D-951E-5FAF58D57EB4}.Debug|Any CPU.Build.0 = Debug|Any CPU
		{36E4459D-71AF-418D-951E-5FAF58D57EB4}.Release|Any CPU.ActiveCfg = Release|Any CPU
		{36E4459D-71AF-418D-951E-5FAF58D57EB4}.Release|Any CPU.Build.0 = Release|Any CPU
		{758D3022-3CF4-4706-B24A-503A75A5E32D}.Debug|Any CPU.ActiveCfg = Debug|Any CPU
		{758D3022-3CF4-4706-B24A-503A75A5E32D}.Debug|Any CPU.Build.0 = Debug|Any CPU
		{758D3022-3CF4-4706-B24A-503A75A5E32D}.Release|Any CPU.ActiveCfg = Release|Any CPU
		{758D3022-3CF4-4706-B24A-503A75A5E32D}.Release|Any CPU.Build.0 = Release|Any CPU
		{DBA6534E-E155-4FF2-BD14-5D6A2AAEC022}.Debug|Any CPU.ActiveCfg = Debug|Any CPU
		{DBA6534E-E155-4FF2-BD14-5D6A2AAEC022}.Debug|Any CPU.Build.0 = Debug|Any CPU
		{DBA6534E-E155-4FF2-BD14-5D6A2AAEC022}.Release|Any CPU.ActiveCfg = Release|Any CPU
		{DBA6534E-E155-4FF2-BD14-5D6A2AAEC022}.Release|Any CPU.Build.0 = Release|Any CPU
		{F017BD54-6745-4E2A-B470-CF6F268B17A3}.Debug|Any CPU.ActiveCfg = Debug|Any CPU
		{F017BD54-6745-4E2A-B470-CF6F268B17A3}.Debug|Any CPU.Build.0 = Debug|Any CPU
		{F017BD54-6745-4E2A-B470-CF6F268B17A3}.Release|Any CPU.ActiveCfg = Release|Any CPU
		{F017BD54-6745-4E2A-B470-CF6F268B17A3}.Release|Any CPU.Build.0 = Release|Any CPU
		{7606FEFE-A077-42BA-B4EF-7FC746ACA7F4}.Debug|Any CPU.ActiveCfg = Debug|Any CPU
		{7606FEFE-A077-42BA-B4EF-7FC746ACA7F4}.Debug|Any CPU.Build.0 = Debug|Any CPU
		{7606FEFE-A077-42BA-B4EF-7FC746ACA7F4}.Release|Any CPU.ActiveCfg = Release|Any CPU
		{7606FEFE-A077-42BA-B4EF-7FC746ACA7F4}.Release|Any CPU.Build.0 = Release|Any CPU
		{373DF231-8BD3-47EC-8AAF-96636601D884}.Debug|Any CPU.ActiveCfg = Debug|Any CPU
		{373DF231-8BD3-47EC-8AAF-96636601D884}.Debug|Any CPU.Build.0 = Debug|Any CPU
		{373DF231-8BD3-47EC-8AAF-96636601D884}.Release|Any CPU.ActiveCfg = Release|Any CPU
		{373DF231-8BD3-47EC-8AAF-96636601D884}.Release|Any CPU.Build.0 = Release|Any CPU
		{380CB6A9-5E1B-4407-B9A8-A097F905B07C}.Debug|Any CPU.ActiveCfg = Debug|Any CPU
		{380CB6A9-5E1B-4407-B9A8-A097F905B07C}.Debug|Any CPU.Build.0 = Debug|Any CPU
		{380CB6A9-5E1B-4407-B9A8-A097F905B07C}.Release|Any CPU.ActiveCfg = Release|Any CPU
		{380CB6A9-5E1B-4407-B9A8-A097F905B07C}.Release|Any CPU.Build.0 = Release|Any CPU
		{82CD0C74-8AA8-4A03-8091-BD8EDA6C6B21}.Debug|Any CPU.ActiveCfg = Debug|Any CPU
		{82CD0C74-8AA8-4A03-8091-BD8EDA6C6B21}.Debug|Any CPU.Build.0 = Debug|Any CPU
		{82CD0C74-8AA8-4A03-8091-BD8EDA6C6B21}.Release|Any CPU.ActiveCfg = Release|Any CPU
		{82CD0C74-8AA8-4A03-8091-BD8EDA6C6B21}.Release|Any CPU.Build.0 = Release|Any CPU
		{7F793A15-8AD9-4D65-AB69-0780BD38B35A}.Debug|Any CPU.ActiveCfg = Debug|Any CPU
		{7F793A15-8AD9-4D65-AB69-0780BD38B35A}.Debug|Any CPU.Build.0 = Debug|Any CPU
		{7F793A15-8AD9-4D65-AB69-0780BD38B35A}.Release|Any CPU.ActiveCfg = Release|Any CPU
		{7F793A15-8AD9-4D65-AB69-0780BD38B35A}.Release|Any CPU.Build.0 = Release|Any CPU
		{6049F1E3-F3CF-48F7-BFE6-5B8D3A88AA46}.Debug|Any CPU.ActiveCfg = Debug|Any CPU
		{6049F1E3-F3CF-48F7-BFE6-5B8D3A88AA46}.Debug|Any CPU.Build.0 = Debug|Any CPU
		{6049F1E3-F3CF-48F7-BFE6-5B8D3A88AA46}.Release|Any CPU.ActiveCfg = Release|Any CPU
		{6049F1E3-F3CF-48F7-BFE6-5B8D3A88AA46}.Release|Any CPU.Build.0 = Release|Any CPU
		{19CE65BC-0F20-481A-8EEE-A45425E22448}.Debug|Any CPU.ActiveCfg = Debug|Any CPU
		{19CE65BC-0F20-481A-8EEE-A45425E22448}.Debug|Any CPU.Build.0 = Debug|Any CPU
		{19CE65BC-0F20-481A-8EEE-A45425E22448}.Release|Any CPU.ActiveCfg = Release|Any CPU
		{19CE65BC-0F20-481A-8EEE-A45425E22448}.Release|Any CPU.Build.0 = Release|Any CPU
		{0ECC5CF0-D943-491D-BCF9-834EC9C13B0A}.Debug|Any CPU.ActiveCfg = Debug|Any CPU
		{0ECC5CF0-D943-491D-BCF9-834EC9C13B0A}.Debug|Any CPU.Build.0 = Debug|Any CPU
		{0ECC5CF0-D943-491D-BCF9-834EC9C13B0A}.Release|Any CPU.ActiveCfg = Release|Any CPU
		{0ECC5CF0-D943-491D-BCF9-834EC9C13B0A}.Release|Any CPU.Build.0 = Release|Any CPU
		{13AF0241-F033-4026-BCC8-E168637EFC31}.Debug|Any CPU.ActiveCfg = Debug|Any CPU
		{13AF0241-F033-4026-BCC8-E168637EFC31}.Debug|Any CPU.Build.0 = Debug|Any CPU
		{13AF0241-F033-4026-BCC8-E168637EFC31}.Release|Any CPU.ActiveCfg = Release|Any CPU
		{13AF0241-F033-4026-BCC8-E168637EFC31}.Release|Any CPU.Build.0 = Release|Any CPU
		{98A610D8-DBEA-466A-80CC-D8029E81ABA7}.Debug|Any CPU.ActiveCfg = Debug|Any CPU
		{98A610D8-DBEA-466A-80CC-D8029E81ABA7}.Debug|Any CPU.Build.0 = Debug|Any CPU
		{98A610D8-DBEA-466A-80CC-D8029E81ABA7}.Release|Any CPU.ActiveCfg = Release|Any CPU
		{98A610D8-DBEA-466A-80CC-D8029E81ABA7}.Release|Any CPU.Build.0 = Release|Any CPU
		{3A477C98-5E6B-43BF-B39C-5E202289AEE9}.Debug|Any CPU.ActiveCfg = Debug|Any CPU
		{3A477C98-5E6B-43BF-B39C-5E202289AEE9}.Debug|Any CPU.Build.0 = Debug|Any CPU
		{3A477C98-5E6B-43BF-B39C-5E202289AEE9}.Release|Any CPU.ActiveCfg = Release|Any CPU
		{3A477C98-5E6B-43BF-B39C-5E202289AEE9}.Release|Any CPU.Build.0 = Release|Any CPU
		{78EFCD2D-8759-4409-B071-036D2755A9CC}.Debug|Any CPU.ActiveCfg = Debug|Any CPU
		{78EFCD2D-8759-4409-B071-036D2755A9CC}.Debug|Any CPU.Build.0 = Debug|Any CPU
		{78EFCD2D-8759-4409-B071-036D2755A9CC}.Release|Any CPU.ActiveCfg = Release|Any CPU
		{78EFCD2D-8759-4409-B071-036D2755A9CC}.Release|Any CPU.Build.0 = Release|Any CPU
		{CDBC5B78-B8B3-400B-89C7-68660037C8AD}.Debug|Any CPU.ActiveCfg = Debug|Any CPU
		{CDBC5B78-B8B3-400B-89C7-68660037C8AD}.Debug|Any CPU.Build.0 = Debug|Any CPU
		{CDBC5B78-B8B3-400B-89C7-68660037C8AD}.Release|Any CPU.ActiveCfg = Release|Any CPU
		{CDBC5B78-B8B3-400B-89C7-68660037C8AD}.Release|Any CPU.Build.0 = Release|Any CPU
		{8F1DFA31-C826-4C97-8BB6-DA245949FE48}.Debug|Any CPU.ActiveCfg = Debug|Any CPU
		{8F1DFA31-C826-4C97-8BB6-DA245949FE48}.Debug|Any CPU.Build.0 = Debug|Any CPU
		{8F1DFA31-C826-4C97-8BB6-DA245949FE48}.Release|Any CPU.ActiveCfg = Release|Any CPU
		{8F1DFA31-C826-4C97-8BB6-DA245949FE48}.Release|Any CPU.Build.0 = Release|Any CPU
		{DB69FF41-2EEB-414F-8625-04B95BAA3DF0}.Debug|Any CPU.ActiveCfg = Debug|Any CPU
		{DB69FF41-2EEB-414F-8625-04B95BAA3DF0}.Debug|Any CPU.Build.0 = Debug|Any CPU
		{DB69FF41-2EEB-414F-8625-04B95BAA3DF0}.Release|Any CPU.ActiveCfg = Release|Any CPU
		{DB69FF41-2EEB-414F-8625-04B95BAA3DF0}.Release|Any CPU.Build.0 = Release|Any CPU
		{5DE391A5-0D16-48E9-9843-707B42C819DB}.Debug|Any CPU.ActiveCfg = Debug|Any CPU
		{5DE391A5-0D16-48E9-9843-707B42C819DB}.Debug|Any CPU.Build.0 = Debug|Any CPU
		{5DE391A5-0D16-48E9-9843-707B42C819DB}.Release|Any CPU.ActiveCfg = Release|Any CPU
		{5DE391A5-0D16-48E9-9843-707B42C819DB}.Release|Any CPU.Build.0 = Release|Any CPU
		{5B72E9F3-CF41-4954-AF86-F2547ACE2A07}.Debug|Any CPU.ActiveCfg = Debug|Any CPU
		{5B72E9F3-CF41-4954-AF86-F2547ACE2A07}.Debug|Any CPU.Build.0 = Debug|Any CPU
		{5B72E9F3-CF41-4954-AF86-F2547ACE2A07}.Release|Any CPU.ActiveCfg = Release|Any CPU
		{5B72E9F3-CF41-4954-AF86-F2547ACE2A07}.Release|Any CPU.Build.0 = Release|Any CPU
		{64B8026C-0DCD-4590-9A08-952CCC112D17}.Debug|Any CPU.ActiveCfg = Debug|Any CPU
		{64B8026C-0DCD-4590-9A08-952CCC112D17}.Debug|Any CPU.Build.0 = Debug|Any CPU
		{64B8026C-0DCD-4590-9A08-952CCC112D17}.Release|Any CPU.ActiveCfg = Release|Any CPU
		{64B8026C-0DCD-4590-9A08-952CCC112D17}.Release|Any CPU.Build.0 = Release|Any CPU
	EndGlobalSection
	GlobalSection(SolutionProperties) = preSolution
		HideSolutionNode = FALSE
	EndGlobalSection
	GlobalSection(NestedProjects) = preSolution
		{6CC127FA-87EF-4085-AD46-C9614793C8E2} = {02EA681E-C7D8-13C7-8484-4AC65E1B71E8}
		{DB627359-ED09-4D28-B7CC-2AAED0646D21} = {02EA681E-C7D8-13C7-8484-4AC65E1B71E8}
		{36E4459D-71AF-418D-951E-5FAF58D57EB4} = {02EA681E-C7D8-13C7-8484-4AC65E1B71E8}
		{758D3022-3CF4-4706-B24A-503A75A5E32D} = {E356EECC-9A94-45BB-926C-D622F4AAC307}
		{DBA6534E-E155-4FF2-BD14-5D6A2AAEC022} = {E356EECC-9A94-45BB-926C-D622F4AAC307}
		{F017BD54-6745-4E2A-B470-CF6F268B17A3} = {E356EECC-9A94-45BB-926C-D622F4AAC307}
		{7606FEFE-A077-42BA-B4EF-7FC746ACA7F4} = {3F06E8DE-1E7F-4B8B-864E-3249EB4454B0}
		{373DF231-8BD3-47EC-8AAF-96636601D884} = {3F06E8DE-1E7F-4B8B-864E-3249EB4454B0}
		{380CB6A9-5E1B-4407-B9A8-A097F905B07C} = {3F06E8DE-1E7F-4B8B-864E-3249EB4454B0}
		{82CD0C74-8AA8-4A03-8091-BD8EDA6C6B21} = {38D810A8-90FF-4116-B2C5-FF259BD3F614}
		{7F793A15-8AD9-4D65-AB69-0780BD38B35A} = {38D810A8-90FF-4116-B2C5-FF259BD3F614}
		{6049F1E3-F3CF-48F7-BFE6-5B8D3A88AA46} = {38D810A8-90FF-4116-B2C5-FF259BD3F614}
		{19CE65BC-0F20-481A-8EEE-A45425E22448} = {CBB951B4-5A4A-419C-B7D6-96A0F2416477}
		{0ECC5CF0-D943-491D-BCF9-834EC9C13B0A} = {CBB951B4-5A4A-419C-B7D6-96A0F2416477}
		{13AF0241-F033-4026-BCC8-E168637EFC31} = {CBB951B4-5A4A-419C-B7D6-96A0F2416477}
		{98A610D8-DBEA-466A-80CC-D8029E81ABA7} = {2A445531-1B5D-41C4-95F0-E1607149AB31}
		{3A477C98-5E6B-43BF-B39C-5E202289AEE9} = {2A445531-1B5D-41C4-95F0-E1607149AB31}
		{78EFCD2D-8759-4409-B071-036D2755A9CC} = {2A445531-1B5D-41C4-95F0-E1607149AB31}
		{CDBC5B78-B8B3-400B-89C7-68660037C8AD} = {6EBAA34B-1070-4F2F-A834-CA023F31997E}
		{8F1DFA31-C826-4C97-8BB6-DA245949FE48} = {6EBAA34B-1070-4F2F-A834-CA023F31997E}
		{DB69FF41-2EEB-414F-8625-04B95BAA3DF0} = {6EBAA34B-1070-4F2F-A834-CA023F31997E}
		{5DE391A5-0D16-48E9-9843-707B42C819DB} = {67E6AB9F-20A5-4922-8908-0600E2328D64}
		{5B72E9F3-CF41-4954-AF86-F2547ACE2A07} = {67E6AB9F-20A5-4922-8908-0600E2328D64}
		{64B8026C-0DCD-4590-9A08-952CCC112D17} = {67E6AB9F-20A5-4922-8908-0600E2328D64}
	EndGlobalSection
	GlobalSection(ExtensibilityGlobals) = postSolution
		SolutionGuid = {2EBCD98A-1C88-4493-A010-C0FE4E8FD316}
	EndGlobalSection
EndGlobal
