
Microsoft Visual Studio Solution File, Format Version 12.00
# Visual Studio Version 17
VisualStudioVersion = 17.14.36429.23 d17.14
MinimumVisualStudioVersion = 10.0.40219.1
Project("{2150E333-8FDC-42A3-9474-1A3956D46DE8}") = "Task0", "Task0", "{02EA681E-C7D8-13C7-8484-4AC65E1B71E8}"
EndProject
Project("{FAE04EC0-301F-11D3-BF4B-00C04F79EFBC}") = "Tyuiu.MarakovAD.Sprint4.Task0.V29", "Tyuiu.MarakovAD.Sprint4.Task0.V29\Tyuiu.MarakovAD.Sprint4.Task0.V29.csproj", "{6CC127FA-87EF-4085-AD46-C9614793C8E2}"
EndProject
Project("{FAE04EC0-301F-11D3-BF4B-00C04F79EFBC}") = "Tyuiu.MarakovAD.Sprint4.Task0.V29.Lib", "Tyuiu.MarakovAD.Sprint4.Task0.V29.Lib\Tyuiu.MarakovAD.Sprint4.Task0.V29.Lib.csproj", "{DB627359-ED09-4D28-B7CC-2AAED0646D21}"
EndProject
Project("{FAE04EC0-301F-11D3-BF4B-00C04F79EFBC}") = "Tyuiu.MarakovAD.Sprint4.Task0.V29.Test", "Tyuiu.MarakovAD.Sprint4.Task0.V29.Test\Tyuiu.MarakovAD.Sprint4.Task0.V29.Test.csproj", "{36E4459D-71AF-418D-951E-5FAF58D57EB4}"
EndProject
Global
	GlobalSection(SolutionConfigurationPlatforms) = preSolution
		Debug|Any CPU = Debug|Any CPU
		Release|Any CPU = Release|Any CPU
	EndGlobalSection
	GlobalSection(ProjectConfigurationPlatforms) = postSolution
		{6CC127FA-87EF-4085-AD46-C9614793C8E2}.Debug|Any CPU.ActiveCfg = Debug|Any CPU
		{6CC127FA-87EF-4085-AD46-C9614793C8E2}.Debug|Any CPU.Build.0 = Debug|Any CPU
		{6CC127FA-87EF-4085-AD46-C9614793C8E2}.Release|Any CPU.ActiveCfg = Release|Any CPU
		{6CC127FA-87EF-4085-AD46-C9614793C8E2}.Release|Any CPU.Build.0 = Release|Any CPU
		{DB627359-ED09-4D28-B7CC-2AAED0646D21}.Debug|Any CPU.ActiveCfg = Debug|Any CPU
		{DB627359-ED09-4D28-B7CC-2AAED0646D21}.Debug|Any CPU.Build.0 = Debug|Any CPU
		{DB627359-ED09-4D28-B7CC-2AAED0646D21}.Release|Any CPU.ActiveCfg = Release|Any CPU
		{DB627359-ED09-4D28-B7CC-2AAED0646D21}.Release|Any CPU.Build.0 = Release|Any CPU
		{36E4459D-71AF-418D-951E-5FAF58D57EB4}.Debug|Any CPU.ActiveCfg = Debug|Any CPU
		{36E4459D-71AF-418D-951E-5FAF58D57EB4}.Debug|Any CPU.Build.0 = Debug|Any CPU
		{36E4459D-71AF-418D-951E-5FAF58D57EB4}.Release|Any CPU.ActiveCfg = Release|Any CPU
		{36E4459D-71AF-418D-951E-5FAF58D57EB4}.Release|Any CPU.Build.0 = Release|Any CPU
	EndGlobalSection
	GlobalSection(SolutionProperties) = preSolution
		HideSolutionNode = FALSE
	EndGlobalSection
	GlobalSection(NestedProjects) = preSolution
		{6CC127FA-87EF-4085-AD46-C9614793C8E2} = {02EA681E-C7D8-13C7-8484-4AC65E1B71E8}
		{DB627359-ED09-4D28-B7CC-2AAED0646D21} = {02EA681E-C7D8-13C7-8484-4AC65E1B71E8}
		{36E4459D-71AF-418D-951E-5FAF58D57EB4} = {02EA681E-C7D8-13C7-8484-4AC65E1B71E8}
	EndGlobalSection
	GlobalSection(ExtensibilityGlobals) = postSolution
		SolutionGuid = {2EBCD98A-1C88-4493-A010-C0FE4E8FD316}
	EndGlobalSection
EndGlobal
